
Microsoft Visual Studio Solution File, Format Version 12.00
# Visual Studio 15
VisualStudioVersion = 15.0.28010.2041
MinimumVisualStudioVersion = 10.0.40219.1
Project("{FAE04EC0-301F-11D3-BF4B-00C04F79EFBC}") = "WindowsFormsApp1", "WindowsFormsApp1\WindowsFormsApp1.csproj", "{C699AC77-65A3-44DB-8D55-87CCABAD54A7}"
EndProject
Global
	GlobalSection(SolutionConfigurationPlatforms) = preSolution
		Debug|Any CPU = Debug|Any CPU
		Release|Any CPU = Release|Any CPU
	EndGlobalSection
	GlobalSection(ProjectConfigurationPlatforms) = postSolution
		{C699AC77-65A3-44DB-8D55-87CCABAD54A7}.Debug|Any CPU.ActiveCfg = Debug|Any CPU
		{C699AC77-65A3-44DB-8D55-87CCABAD54A7}.Debug|Any CPU.Build.0 = Debug|Any CPU
		{C699AC77-65A3-44DB-8D55-87CCABAD54A7}.Release|Any CPU.ActiveCfg = Release|Any CPU
		{C699AC77-65A3-44DB-8D55-87CCABAD54A7}.Release|Any CPU.Build.0 = Release|Any CPU
	EndGlobalSection
	GlobalSection(SolutionProperties) = preSolution
		HideSolutionNode = FALSE
	EndGlobalSection
	GlobalSection(ExtensibilityGlobals) = postSolution
		SolutionGuid = {1720C724-8E76-4D10-B39B-CD27360D1550}
	EndGlobalSection
EndGlobal
